// !$*UTF8*$!
{
	archiveVersion = 1;
	classes = {
	};
	objectVersion = 48;
	objects = {

/* Begin PBXBuildFile section */
		3E03EEE6206E114D004DBB36 /* ViewController.m in Sources */ = {isa = PBXBuildFile; fileRef = 3E03EEE5206E114D004DBB36 /* ViewController.m */; };
		3E03EEE9206E114D004DBB36 /* Main.storyboard in Resources */ = {isa = PBXBuildFile; fileRef = 3E03EEE7206E114D004DBB36 /* Main.storyboard */; };
		3E03EEEB206E114D004DBB36 /* Assets.xcassets in Resources */ = {isa = PBXBuildFile; fileRef = 3E03EEEA206E114D004DBB36 /* Assets.xcassets */; };
		3E03EEEE206E114D004DBB36 /* LaunchScreen.storyboard in Resources */ = {isa = PBXBuildFile; fileRef = 3E03EEEC206E114D004DBB36 /* LaunchScreen.storyboard */; };
		3E03EEFB206E114D004DBB36 /* RemoteControlTests.m in Sources */ = {isa = PBXBuildFile; fileRef = 3E03EEFA206E114D004DBB36 /* RemoteControlTests.m */; };
		3E03EF06206E114E004DBB36 /* RemoteControlUITests.m in Sources */ = {isa = PBXBuildFile; fileRef = 3E03EF05206E114E004DBB36 /* RemoteControlUITests.m */; };
		3EDAD09A206E1E5C007406FB /* main.m in Sources */ = {isa = PBXBuildFile; fileRef = 3EDAD098206E1E5C007406FB /* main.m */; };
		3EDAD09B206E1E5C007406FB /* AppDelegate.m in Sources */ = {isa = PBXBuildFile; fileRef = 3EDAD099206E1E5C007406FB /* AppDelegate.m */; };
		3EDAD0A6206E2142007406FB /* HMD_RC_introductory_page_4@2x.png in Resources */ = {isa = PBXBuildFile; fileRef = 3EDAD09E206E2142007406FB /* HMD_RC_introductory_page_4@2x.png */; };
		3EDAD0A7206E2142007406FB /* HMD_RC_introductory_page_4@3x.png in Resources */ = {isa = PBXBuildFile; fileRef = 3EDAD09F206E2142007406FB /* HMD_RC_introductory_page_4@3x.png */; };
		3EDAD0A8206E2142007406FB /* HMD_RC_introductory_page_2@2x.png in Resources */ = {isa = PBXBuildFile; fileRef = 3EDAD0A0206E2142007406FB /* HMD_RC_introductory_page_2@2x.png */; };
		3EDAD0A9206E2142007406FB /* HMD_RC_introductory_page_2@3x.png in Resources */ = {isa = PBXBuildFile; fileRef = 3EDAD0A1206E2142007406FB /* HMD_RC_introductory_page_2@3x.png */; };
		3EDAD0AA206E2142007406FB /* HMD_RC_introductory_page_3@2x.png in Resources */ = {isa = PBXBuildFile; fileRef = 3EDAD0A2206E2142007406FB /* HMD_RC_introductory_page_3@2x.png */; };
		3EDAD0AB206E2142007406FB /* HMD_RC_introductory_page_1@3x.png in Resources */ = {isa = PBXBuildFile; fileRef = 3EDAD0A3206E2142007406FB /* HMD_RC_introductory_page_1@3x.png */; };
		3EDAD0AC206E2142007406FB /* HMD_RC_introductory_page_1@2x.png in Resources */ = {isa = PBXBuildFile; fileRef = 3EDAD0A4206E2142007406FB /* HMD_RC_introductory_page_1@2x.png */; };
		3EDAD0AD206E2142007406FB /* HMD_RC_introductory_page_3@3x.png in Resources */ = {isa = PBXBuildFile; fileRef = 3EDAD0A5206E2142007406FB /* HMD_RC_introductory_page_3@3x.png */; };
		3EDAD0BF206E2C75007406FB /* HMDMainViewController.m in Sources */ = {isa = PBXBuildFile; fileRef = 3EDAD0BD206E2C75007406FB /* HMDMainViewController.m */; };
		3EDAD0C0206E2C75007406FB /* HMDMainViewController.xib in Resources */ = {isa = PBXBuildFile; fileRef = 3EDAD0BE206E2C75007406FB /* HMDMainViewController.xib */; };
		73BF8A294C7C538C687E828D /* Pods_RemoteControl.framework in Frameworks */ = {isa = PBXBuildFile; fileRef = FC18EBE545C408F58E5BF3CA /* Pods_RemoteControl.framework */; };
		B2F6F9202071CBE50037E746 /* HMDBaseModel.m in Sources */ = {isa = PBXBuildFile; fileRef = B2F6F91F2071CBE50037E746 /* HMDBaseModel.m */; };
		B2F6F92C2071DB460037E746 /* HMDScrollTitleViewController.m in Sources */ = {isa = PBXBuildFile; fileRef = B2F6F92B2071DB460037E746 /* HMDScrollTitleViewController.m */; };
		B2F6F92F2071DD6D0037E746 /* HMDBaseView.m in Sources */ = {isa = PBXBuildFile; fileRef = B2F6F92E2071DD6D0037E746 /* HMDBaseView.m */; };
		B2F6F9322071DDC60037E746 /* HMDTitleBaseLine.m in Sources */ = {isa = PBXBuildFile; fileRef = B2F6F9312071DDC60037E746 /* HMDTitleBaseLine.m */; };
		B2F6F93E207202440037E746 /* HMDScrollContentViewController.m in Sources */ = {isa = PBXBuildFile; fileRef = B2F6F93D207202440037E746 /* HMDScrollContentViewController.m */; };
		B2F6F945207207870037E746 /* HMDNavigationController.m in Sources */ = {isa = PBXBuildFile; fileRef = B2F6F941207207870037E746 /* HMDNavigationController.m */; };
		B2F6F946207207870037E746 /* HMDBaseViewController.m in Sources */ = {isa = PBXBuildFile; fileRef = B2F6F943207207870037E746 /* HMDBaseViewController.m */; };
/* End PBXBuildFile section */

/* Begin PBXContainerItemProxy section */
		3E03EEF7206E114D004DBB36 /* PBXContainerItemProxy */ = {
			isa = PBXContainerItemProxy;
			containerPortal = 3E03EED6206E114D004DBB36 /* Project object */;
			proxyType = 1;
			remoteGlobalIDString = 3E03EEDD206E114D004DBB36;
			remoteInfo = RemoteControl;
		};
		3E03EF02206E114E004DBB36 /* PBXContainerItemProxy */ = {
			isa = PBXContainerItemProxy;
			containerPortal = 3E03EED6206E114D004DBB36 /* Project object */;
			proxyType = 1;
			remoteGlobalIDString = 3E03EEDD206E114D004DBB36;
			remoteInfo = RemoteControl;
		};
/* End PBXContainerItemProxy section */

/* Begin PBXFileReference section */
		3E03EEDE206E114D004DBB36 /* RemoteControl.app */ = {isa = PBXFileReference; explicitFileType = wrapper.application; includeInIndex = 0; path = RemoteControl.app; sourceTree = BUILT_PRODUCTS_DIR; };
		3E03EEE4206E114D004DBB36 /* ViewController.h */ = {isa = PBXFileReference; lastKnownFileType = sourcecode.c.h; path = ViewController.h; sourceTree = "<group>"; };
		3E03EEE5206E114D004DBB36 /* ViewController.m */ = {isa = PBXFileReference; lastKnownFileType = sourcecode.c.objc; path = ViewController.m; sourceTree = "<group>"; };
		3E03EEE8206E114D004DBB36 /* Base */ = {isa = PBXFileReference; lastKnownFileType = file.storyboard; name = Base; path = Base.lproj/Main.storyboard; sourceTree = "<group>"; };
		3E03EEEA206E114D004DBB36 /* Assets.xcassets */ = {isa = PBXFileReference; lastKnownFileType = folder.assetcatalog; path = Assets.xcassets; sourceTree = "<group>"; };
		3E03EEED206E114D004DBB36 /* Base */ = {isa = PBXFileReference; lastKnownFileType = file.storyboard; name = Base; path = Base.lproj/LaunchScreen.storyboard; sourceTree = "<group>"; };
		3E03EEEF206E114D004DBB36 /* Info.plist */ = {isa = PBXFileReference; lastKnownFileType = text.plist.xml; path = Info.plist; sourceTree = "<group>"; };
		3E03EEF6206E114D004DBB36 /* RemoteControlTests.xctest */ = {isa = PBXFileReference; explicitFileType = wrapper.cfbundle; includeInIndex = 0; path = RemoteControlTests.xctest; sourceTree = BUILT_PRODUCTS_DIR; };
		3E03EEFA206E114D004DBB36 /* RemoteControlTests.m */ = {isa = PBXFileReference; lastKnownFileType = sourcecode.c.objc; path = RemoteControlTests.m; sourceTree = "<group>"; };
		3E03EEFC206E114E004DBB36 /* Info.plist */ = {isa = PBXFileReference; lastKnownFileType = text.plist.xml; path = Info.plist; sourceTree = "<group>"; };
		3E03EF01206E114E004DBB36 /* RemoteControlUITests.xctest */ = {isa = PBXFileReference; explicitFileType = wrapper.cfbundle; includeInIndex = 0; path = RemoteControlUITests.xctest; sourceTree = BUILT_PRODUCTS_DIR; };
		3E03EF05206E114E004DBB36 /* RemoteControlUITests.m */ = {isa = PBXFileReference; lastKnownFileType = sourcecode.c.objc; path = RemoteControlUITests.m; sourceTree = "<group>"; };
		3E03EF07206E114E004DBB36 /* Info.plist */ = {isa = PBXFileReference; lastKnownFileType = text.plist.xml; path = Info.plist; sourceTree = "<group>"; };
		3EDAD097206E1E5C007406FB /* AppDelegate.h */ = {isa = PBXFileReference; fileEncoding = 4; lastKnownFileType = sourcecode.c.h; path = AppDelegate.h; sourceTree = "<group>"; };
		3EDAD098206E1E5C007406FB /* main.m */ = {isa = PBXFileReference; fileEncoding = 4; lastKnownFileType = sourcecode.c.objc; path = main.m; sourceTree = "<group>"; };
		3EDAD099206E1E5C007406FB /* AppDelegate.m */ = {isa = PBXFileReference; fileEncoding = 4; lastKnownFileType = sourcecode.c.objc; path = AppDelegate.m; sourceTree = "<group>"; };
		3EDAD09E206E2142007406FB /* HMD_RC_introductory_page_4@2x.png */ = {isa = PBXFileReference; lastKnownFileType = image.png; path = "HMD_RC_introductory_page_4@2x.png"; sourceTree = "<group>"; };
		3EDAD09F206E2142007406FB /* HMD_RC_introductory_page_4@3x.png */ = {isa = PBXFileReference; lastKnownFileType = image.png; path = "HMD_RC_introductory_page_4@3x.png"; sourceTree = "<group>"; };
		3EDAD0A0206E2142007406FB /* HMD_RC_introductory_page_2@2x.png */ = {isa = PBXFileReference; lastKnownFileType = image.png; path = "HMD_RC_introductory_page_2@2x.png"; sourceTree = "<group>"; };
		3EDAD0A1206E2142007406FB /* HMD_RC_introductory_page_2@3x.png */ = {isa = PBXFileReference; lastKnownFileType = image.png; path = "HMD_RC_introductory_page_2@3x.png"; sourceTree = "<group>"; };
		3EDAD0A2206E2142007406FB /* HMD_RC_introductory_page_3@2x.png */ = {isa = PBXFileReference; lastKnownFileType = image.png; path = "HMD_RC_introductory_page_3@2x.png"; sourceTree = "<group>"; };
		3EDAD0A3206E2142007406FB /* HMD_RC_introductory_page_1@3x.png */ = {isa = PBXFileReference; lastKnownFileType = image.png; path = "HMD_RC_introductory_page_1@3x.png"; sourceTree = "<group>"; };
		3EDAD0A4206E2142007406FB /* HMD_RC_introductory_page_1@2x.png */ = {isa = PBXFileReference; lastKnownFileType = image.png; path = "HMD_RC_introductory_page_1@2x.png"; sourceTree = "<group>"; };
		3EDAD0A5206E2142007406FB /* HMD_RC_introductory_page_3@3x.png */ = {isa = PBXFileReference; lastKnownFileType = image.png; path = "HMD_RC_introductory_page_3@3x.png"; sourceTree = "<group>"; };
		3EDAD0AF206E223C007406FB /* HMDRemoteControlPrefixHeader.pch */ = {isa = PBXFileReference; lastKnownFileType = sourcecode.c.h; path = HMDRemoteControlPrefixHeader.pch; sourceTree = "<group>"; };
		3EDAD0BC206E2C75007406FB /* HMDMainViewController.h */ = {isa = PBXFileReference; lastKnownFileType = sourcecode.c.h; path = HMDMainViewController.h; sourceTree = "<group>"; };
		3EDAD0BD206E2C75007406FB /* HMDMainViewController.m */ = {isa = PBXFileReference; lastKnownFileType = sourcecode.c.objc; path = HMDMainViewController.m; sourceTree = "<group>"; };
		3EDAD0BE206E2C75007406FB /* HMDMainViewController.xib */ = {isa = PBXFileReference; lastKnownFileType = file.xib; path = HMDMainViewController.xib; sourceTree = "<group>"; };
		46AE3922A8F8FE7182310D29 /* Pods-RemoteControl.release.xcconfig */ = {isa = PBXFileReference; includeInIndex = 1; lastKnownFileType = text.xcconfig; name = "Pods-RemoteControl.release.xcconfig"; path = "Pods/Target Support Files/Pods-RemoteControl/Pods-RemoteControl.release.xcconfig"; sourceTree = "<group>"; };
		B2F6F90E2071C9C40037E746 /* NETMacro.h */ = {isa = PBXFileReference; fileEncoding = 4; lastKnownFileType = sourcecode.c.h; path = NETMacro.h; sourceTree = "<group>"; };
		B2F6F90F2071C9C40037E746 /* AppMacro.h */ = {isa = PBXFileReference; fileEncoding = 4; lastKnownFileType = sourcecode.c.h; path = AppMacro.h; sourceTree = "<group>"; };
		B2F6F91E2071CBE50037E746 /* HMDBaseModel.h */ = {isa = PBXFileReference; lastKnownFileType = sourcecode.c.h; path = HMDBaseModel.h; sourceTree = "<group>"; };
		B2F6F91F2071CBE50037E746 /* HMDBaseModel.m */ = {isa = PBXFileReference; lastKnownFileType = sourcecode.c.objc; path = HMDBaseModel.m; sourceTree = "<group>"; };
		B2F6F92A2071DB460037E746 /* HMDScrollTitleViewController.h */ = {isa = PBXFileReference; lastKnownFileType = sourcecode.c.h; path = HMDScrollTitleViewController.h; sourceTree = "<group>"; };
		B2F6F92B2071DB460037E746 /* HMDScrollTitleViewController.m */ = {isa = PBXFileReference; lastKnownFileType = sourcecode.c.objc; path = HMDScrollTitleViewController.m; sourceTree = "<group>"; };
		B2F6F92D2071DD6D0037E746 /* HMDBaseView.h */ = {isa = PBXFileReference; lastKnownFileType = sourcecode.c.h; path = HMDBaseView.h; sourceTree = "<group>"; };
		B2F6F92E2071DD6D0037E746 /* HMDBaseView.m */ = {isa = PBXFileReference; lastKnownFileType = sourcecode.c.objc; path = HMDBaseView.m; sourceTree = "<group>"; };
		B2F6F9302071DDC60037E746 /* HMDTitleBaseLine.h */ = {isa = PBXFileReference; lastKnownFileType = sourcecode.c.h; path = HMDTitleBaseLine.h; sourceTree = "<group>"; };
		B2F6F9312071DDC60037E746 /* HMDTitleBaseLine.m */ = {isa = PBXFileReference; lastKnownFileType = sourcecode.c.objc; path = HMDTitleBaseLine.m; sourceTree = "<group>"; };
		B2F6F93C207202440037E746 /* HMDScrollContentViewController.h */ = {isa = PBXFileReference; lastKnownFileType = sourcecode.c.h; path = HMDScrollContentViewController.h; sourceTree = "<group>"; };
		B2F6F93D207202440037E746 /* HMDScrollContentViewController.m */ = {isa = PBXFileReference; lastKnownFileType = sourcecode.c.objc; path = HMDScrollContentViewController.m; sourceTree = "<group>"; };
		B2F6F940207207870037E746 /* HMDNavigationController.h */ = {isa = PBXFileReference; fileEncoding = 4; lastKnownFileType = sourcecode.c.h; path = HMDNavigationController.h; sourceTree = "<group>"; };
		B2F6F941207207870037E746 /* HMDNavigationController.m */ = {isa = PBXFileReference; fileEncoding = 4; lastKnownFileType = sourcecode.c.objc; path = HMDNavigationController.m; sourceTree = "<group>"; };
		B2F6F943207207870037E746 /* HMDBaseViewController.m */ = {isa = PBXFileReference; fileEncoding = 4; lastKnownFileType = sourcecode.c.objc; path = HMDBaseViewController.m; sourceTree = "<group>"; };
		B2F6F944207207870037E746 /* HMDBaseViewController.h */ = {isa = PBXFileReference; fileEncoding = 4; lastKnownFileType = sourcecode.c.h; path = HMDBaseViewController.h; sourceTree = "<group>"; };
		E39280B65B3DFBF617055C3C /* Pods-RemoteControl.debug.xcconfig */ = {isa = PBXFileReference; includeInIndex = 1; lastKnownFileType = text.xcconfig; name = "Pods-RemoteControl.debug.xcconfig"; path = "Pods/Target Support Files/Pods-RemoteControl/Pods-RemoteControl.debug.xcconfig"; sourceTree = "<group>"; };
		FC18EBE545C408F58E5BF3CA /* Pods_RemoteControl.framework */ = {isa = PBXFileReference; explicitFileType = wrapper.framework; includeInIndex = 0; path = Pods_RemoteControl.framework; sourceTree = BUILT_PRODUCTS_DIR; };
/* End PBXFileReference section */

/* Begin PBXFrameworksBuildPhase section */
		3E03EEDB206E114D004DBB36 /* Frameworks */ = {
			isa = PBXFrameworksBuildPhase;
			buildActionMask = 2147483647;
			files = (
				73BF8A294C7C538C687E828D /* Pods_RemoteControl.framework in Frameworks */,
			);
			runOnlyForDeploymentPostprocessing = 0;
		};
		3E03EEF3206E114D004DBB36 /* Frameworks */ = {
			isa = PBXFrameworksBuildPhase;
			buildActionMask = 2147483647;
			files = (
			);
			runOnlyForDeploymentPostprocessing = 0;
		};
		3E03EEFE206E114E004DBB36 /* Frameworks */ = {
			isa = PBXFrameworksBuildPhase;
			buildActionMask = 2147483647;
			files = (
			);
			runOnlyForDeploymentPostprocessing = 0;
		};
/* End PBXFrameworksBuildPhase section */

/* Begin PBXGroup section */
		0854F29F8F828C602E43A11D /* Frameworks */ = {
			isa = PBXGroup;
			children = (
				FC18EBE545C408F58E5BF3CA /* Pods_RemoteControl.framework */,
			);
			name = Frameworks;
			sourceTree = "<group>";
		};
		3E03EED5206E114D004DBB36 = {
			isa = PBXGroup;
			children = (
				3E03EEE0206E114D004DBB36 /* RemoteControl */,
				3E03EEF9206E114D004DBB36 /* RemoteControlTests */,
				3E03EF04206E114E004DBB36 /* RemoteControlUITests */,
				3E03EEDF206E114D004DBB36 /* Products */,
				664D9304295495C851358134 /* Pods */,
				0854F29F8F828C602E43A11D /* Frameworks */,
			);
			sourceTree = "<group>";
		};
		3E03EEDF206E114D004DBB36 /* Products */ = {
			isa = PBXGroup;
			children = (
				3E03EEDE206E114D004DBB36 /* RemoteControl.app */,
				3E03EEF6206E114D004DBB36 /* RemoteControlTests.xctest */,
				3E03EF01206E114E004DBB36 /* RemoteControlUITests.xctest */,
			);
			name = Products;
			sourceTree = "<group>";
		};
		3E03EEE0206E114D004DBB36 /* RemoteControl */ = {
			isa = PBXGroup;
			children = (
				B2F6F90C2071C9C40037E746 /* Help */,
				3EDAD095206E1E5C007406FB /* Class */,
				3E03EEE4206E114D004DBB36 /* ViewController.h */,
				3E03EEE5206E114D004DBB36 /* ViewController.m */,
				3E03EEE7206E114D004DBB36 /* Main.storyboard */,
				3E03EEEA206E114D004DBB36 /* Assets.xcassets */,
				3E03EEEC206E114D004DBB36 /* LaunchScreen.storyboard */,
				3E03EEEF206E114D004DBB36 /* Info.plist */,
			);
			path = RemoteControl;
			sourceTree = "<group>";
		};
		3E03EEF9206E114D004DBB36 /* RemoteControlTests */ = {
			isa = PBXGroup;
			children = (
				3E03EEFA206E114D004DBB36 /* RemoteControlTests.m */,
				3E03EEFC206E114E004DBB36 /* Info.plist */,
			);
			path = RemoteControlTests;
			sourceTree = "<group>";
		};
		3E03EF04206E114E004DBB36 /* RemoteControlUITests */ = {
			isa = PBXGroup;
			children = (
				3E03EF05206E114E004DBB36 /* RemoteControlUITests.m */,
				3E03EF07206E114E004DBB36 /* Info.plist */,
			);
			path = RemoteControlUITests;
			sourceTree = "<group>";
		};
		3EDAD095206E1E5C007406FB /* Class */ = {
			isa = PBXGroup;
			children = (
				3EDAD0B4206E2BF5007406FB /* Main */,
				3EDAD096206E1E5C007406FB /* Other */,
			);
			path = Class;
			sourceTree = "<group>";
		};
		3EDAD096206E1E5C007406FB /* Other */ = {
			isa = PBXGroup;
			children = (
				3EDAD0AE206E21C5007406FB /* supportingFiles */,
				3EDAD09C206E2108007406FB /* Image */,
				3EDAD098206E1E5C007406FB /* main.m */,
				3EDAD097206E1E5C007406FB /* AppDelegate.h */,
				3EDAD099206E1E5C007406FB /* AppDelegate.m */,
			);
			path = Other;
			sourceTree = "<group>";
		};
		3EDAD09C206E2108007406FB /* Image */ = {
			isa = PBXGroup;
			children = (
				3EDAD09D206E2142007406FB /* IntroductoryPage */,
			);
			path = Image;
			sourceTree = "<group>";
		};
		3EDAD09D206E2142007406FB /* IntroductoryPage */ = {
			isa = PBXGroup;
			children = (
				3EDAD09E206E2142007406FB /* HMD_RC_introductory_page_4@2x.png */,
				3EDAD09F206E2142007406FB /* HMD_RC_introductory_page_4@3x.png */,
				3EDAD0A0206E2142007406FB /* HMD_RC_introductory_page_2@2x.png */,
				3EDAD0A1206E2142007406FB /* HMD_RC_introductory_page_2@3x.png */,
				3EDAD0A2206E2142007406FB /* HMD_RC_introductory_page_3@2x.png */,
				3EDAD0A3206E2142007406FB /* HMD_RC_introductory_page_1@3x.png */,
				3EDAD0A4206E2142007406FB /* HMD_RC_introductory_page_1@2x.png */,
				3EDAD0A5206E2142007406FB /* HMD_RC_introductory_page_3@3x.png */,
			);
			path = IntroductoryPage;
			sourceTree = "<group>";
		};
		3EDAD0AE206E21C5007406FB /* supportingFiles */ = {
			isa = PBXGroup;
			children = (
				3EDAD0AF206E223C007406FB /* HMDRemoteControlPrefixHeader.pch */,
			);
			path = supportingFiles;
			sourceTree = "<group>";
		};
		3EDAD0B4206E2BF5007406FB /* Main */ = {
			isa = PBXGroup;
			children = (
				3EDAD0B5206E2BF5007406FB /* Model */,
				3EDAD0B6206E2BF5007406FB /* View */,
				3EDAD0B7206E2BF5007406FB /* ViewController */,
			);
			path = Main;
			sourceTree = "<group>";
		};
		3EDAD0B5206E2BF5007406FB /* Model */ = {
			isa = PBXGroup;
			children = (
			);
			path = Model;
			sourceTree = "<group>";
		};
		3EDAD0B6206E2BF5007406FB /* View */ = {
			isa = PBXGroup;
			children = (
			);
			path = View;
			sourceTree = "<group>";
		};
		3EDAD0B7206E2BF5007406FB /* ViewController */ = {
			isa = PBXGroup;
			children = (
				3EDAD0BC206E2C75007406FB /* HMDMainViewController.h */,
				3EDAD0BD206E2C75007406FB /* HMDMainViewController.m */,
				3EDAD0BE206E2C75007406FB /* HMDMainViewController.xib */,
			);
			path = ViewController;
			sourceTree = "<group>";
		};
		664D9304295495C851358134 /* Pods */ = {
			isa = PBXGroup;
			children = (
				E39280B65B3DFBF617055C3C /* Pods-RemoteControl.debug.xcconfig */,
				46AE3922A8F8FE7182310D29 /* Pods-RemoteControl.release.xcconfig */,
			);
			name = Pods;
			sourceTree = "<group>";
		};
		B2F6F90C2071C9C40037E746 /* Help */ = {
			isa = PBXGroup;
			children = (
				B2F6F9332071F9830037E746 /* Category */,
				B2F6F9212071D61C0037E746 /* Assembly */,
				B2F6F91A2071CBCD0037E746 /* Base */,
				B2F6F90D2071C9C40037E746 /* Macro */,
			);
			path = Help;
			sourceTree = "<group>";
		};
		B2F6F90D2071C9C40037E746 /* Macro */ = {
			isa = PBXGroup;
			children = (
				B2F6F90E2071C9C40037E746 /* NETMacro.h */,
				B2F6F90F2071C9C40037E746 /* AppMacro.h */,
			);
			path = Macro;
			sourceTree = "<group>";
		};
		B2F6F91A2071CBCD0037E746 /* Base */ = {
			isa = PBXGroup;
			children = (
				B2F6F9262071D7610037E746 /* ViewController */,
				B2F6F91C2071CBCD0037E746 /* Model */,
				B2F6F91D2071CBCD0037E746 /* View */,
			);
			path = Base;
			sourceTree = "<group>";
		};
		B2F6F91C2071CBCD0037E746 /* Model */ = {
			isa = PBXGroup;
			children = (
				B2F6F91E2071CBE50037E746 /* HMDBaseModel.h */,
				B2F6F91F2071CBE50037E746 /* HMDBaseModel.m */,
			);
			path = Model;
			sourceTree = "<group>";
		};
		B2F6F91D2071CBCD0037E746 /* View */ = {
			isa = PBXGroup;
			children = (
				B2F6F92D2071DD6D0037E746 /* HMDBaseView.h */,
				B2F6F92E2071DD6D0037E746 /* HMDBaseView.m */,
			);
			path = View;
			sourceTree = "<group>";
		};
		B2F6F9212071D61C0037E746 /* Assembly */ = {
			isa = PBXGroup;
			children = (
				B2F6F9382072007A0037E746 /* ScrollContent */,
				B2F6F9222071D68C0037E746 /* ScrollTitle */,
			);
			path = Assembly;
			sourceTree = "<group>";
		};
		B2F6F9222071D68C0037E746 /* ScrollTitle */ = {
			isa = PBXGroup;
			children = (
				B2F6F9232071D68C0037E746 /* Model */,
				B2F6F9242071D68C0037E746 /* View */,
				B2F6F9252071D68C0037E746 /* ViewController */,
			);
			path = ScrollTitle;
			sourceTree = "<group>";
		};
		B2F6F9232071D68C0037E746 /* Model */ = {
			isa = PBXGroup;
			children = (
			);
			path = Model;
			sourceTree = "<group>";
		};
		B2F6F9242071D68C0037E746 /* View */ = {
			isa = PBXGroup;
			children = (
				B2F6F9302071DDC60037E746 /* HMDTitleBaseLine.h */,
				B2F6F9312071DDC60037E746 /* HMDTitleBaseLine.m */,
			);
			path = View;
			sourceTree = "<group>";
		};
		B2F6F9252071D68C0037E746 /* ViewController */ = {
			isa = PBXGroup;
			children = (
				B2F6F92A2071DB460037E746 /* HMDScrollTitleViewController.h */,
				B2F6F92B2071DB460037E746 /* HMDScrollTitleViewController.m */,
			);
			path = ViewController;
			sourceTree = "<group>";
		};
		B2F6F9262071D7610037E746 /* ViewController */ = {
			isa = PBXGroup;
			children = (
				B2F6F942207207870037E746 /* BaseViewController */,
				B2F6F93F207207870037E746 /* NavigationController */,
			);
			path = ViewController;
			sourceTree = "<group>";
		};
		B2F6F9332071F9830037E746 /* Category */ = {
			isa = PBXGroup;
			children = (
			);
			path = Category;
			sourceTree = "<group>";
		};
		B2F6F9382072007A0037E746 /* ScrollContent */ = {
			isa = PBXGroup;
			children = (
				B2F6F9392072007A0037E746 /* Model */,
				B2F6F93A2072007A0037E746 /* View */,
				B2F6F93B2072007A0037E746 /* ViewController */,
			);
			path = ScrollContent;
			sourceTree = "<group>";
		};
		B2F6F9392072007A0037E746 /* Model */ = {
			isa = PBXGroup;
			children = (
			);
			path = Model;
			sourceTree = "<group>";
		};
		B2F6F93A2072007A0037E746 /* View */ = {
			isa = PBXGroup;
			children = (
			);
			path = View;
			sourceTree = "<group>";
		};
		B2F6F93B2072007A0037E746 /* ViewController */ = {
			isa = PBXGroup;
			children = (
				B2F6F93C207202440037E746 /* HMDScrollContentViewController.h */,
				B2F6F93D207202440037E746 /* HMDScrollContentViewController.m */,
			);
			path = ViewController;
			sourceTree = "<group>";
		};
		B2F6F93F207207870037E746 /* NavigationController */ = {
			isa = PBXGroup;
			children = (
				B2F6F940207207870037E746 /* HMDNavigationController.h */,
				B2F6F941207207870037E746 /* HMDNavigationController.m */,
			);
			path = NavigationController;
			sourceTree = "<group>";
		};
		B2F6F942207207870037E746 /* BaseViewController */ = {
			isa = PBXGroup;
			children = (
				B2F6F943207207870037E746 /* HMDBaseViewController.m */,
				B2F6F944207207870037E746 /* HMDBaseViewController.h */,
			);
			path = BaseViewController;
			sourceTree = "<group>";
		};
/* End PBXGroup section */

/* Begin PBXNativeTarget section */
		3E03EEDD206E114D004DBB36 /* RemoteControl */ = {
			isa = PBXNativeTarget;
			buildConfigurationList = 3E03EF0A206E114E004DBB36 /* Build configuration list for PBXNativeTarget "RemoteControl" */;
			buildPhases = (
				503750F38561FE55050190C9 /* [CP] Check Pods Manifest.lock */,
				3E03EEDA206E114D004DBB36 /* Sources */,
				3E03EEDB206E114D004DBB36 /* Frameworks */,
				3E03EEDC206E114D004DBB36 /* Resources */,
				17743DA0F8C8179ED5009A8B /* [CP] Embed Pods Frameworks */,
				F899FBDA05341DF3D6120D0B /* [CP] Copy Pods Resources */,
			);
			buildRules = (
			);
			dependencies = (
			);
			name = RemoteControl;
			productName = RemoteControl;
			productReference = 3E03EEDE206E114D004DBB36 /* RemoteControl.app */;
			productType = "com.apple.product-type.application";
		};
		3E03EEF5206E114D004DBB36 /* RemoteControlTests */ = {
			isa = PBXNativeTarget;
			buildConfigurationList = 3E03EF0D206E114E004DBB36 /* Build configuration list for PBXNativeTarget "RemoteControlTests" */;
			buildPhases = (
				3E03EEF2206E114D004DBB36 /* Sources */,
				3E03EEF3206E114D004DBB36 /* Frameworks */,
				3E03EEF4206E114D004DBB36 /* Resources */,
			);
			buildRules = (
			);
			dependencies = (
				3E03EEF8206E114D004DBB36 /* PBXTargetDependency */,
			);
			name = RemoteControlTests;
			productName = RemoteControlTests;
			productReference = 3E03EEF6206E114D004DBB36 /* RemoteControlTests.xctest */;
			productType = "com.apple.product-type.bundle.unit-test";
		};
		3E03EF00206E114E004DBB36 /* RemoteControlUITests */ = {
			isa = PBXNativeTarget;
			buildConfigurationList = 3E03EF10206E114E004DBB36 /* Build configuration list for PBXNativeTarget "RemoteControlUITests" */;
			buildPhases = (
				3E03EEFD206E114E004DBB36 /* Sources */,
				3E03EEFE206E114E004DBB36 /* Frameworks */,
				3E03EEFF206E114E004DBB36 /* Resources */,
			);
			buildRules = (
			);
			dependencies = (
				3E03EF03206E114E004DBB36 /* PBXTargetDependency */,
			);
			name = RemoteControlUITests;
			productName = RemoteControlUITests;
			productReference = 3E03EF01206E114E004DBB36 /* RemoteControlUITests.xctest */;
			productType = "com.apple.product-type.bundle.ui-testing";
		};
/* End PBXNativeTarget section */

/* Begin PBXProject section */
		3E03EED6206E114D004DBB36 /* Project object */ = {
			isa = PBXProject;
			attributes = {
				LastUpgradeCheck = 0920;
				ORGANIZATIONNAME = HIMEDIA;
				TargetAttributes = {
					3E03EEDD206E114D004DBB36 = {
						CreatedOnToolsVersion = 9.2;
						ProvisioningStyle = Automatic;
					};
					3E03EEF5206E114D004DBB36 = {
						CreatedOnToolsVersion = 9.2;
						ProvisioningStyle = Automatic;
						TestTargetID = 3E03EEDD206E114D004DBB36;
					};
					3E03EF00206E114E004DBB36 = {
						CreatedOnToolsVersion = 9.2;
						ProvisioningStyle = Automatic;
						TestTargetID = 3E03EEDD206E114D004DBB36;
					};
				};
			};
			buildConfigurationList = 3E03EED9206E114D004DBB36 /* Build configuration list for PBXProject "RemoteControl" */;
			compatibilityVersion = "Xcode 8.0";
			developmentRegion = en;
			hasScannedForEncodings = 0;
			knownRegions = (
				en,
				Base,
			);
			mainGroup = 3E03EED5206E114D004DBB36;
			productRefGroup = 3E03EEDF206E114D004DBB36 /* Products */;
			projectDirPath = "";
			projectRoot = "";
			targets = (
				3E03EEDD206E114D004DBB36 /* RemoteControl */,
				3E03EEF5206E114D004DBB36 /* RemoteControlTests */,
				3E03EF00206E114E004DBB36 /* RemoteControlUITests */,
			);
		};
/* End PBXProject section */

/* Begin PBXResourcesBuildPhase section */
		3E03EEDC206E114D004DBB36 /* Resources */ = {
			isa = PBXResourcesBuildPhase;
			buildActionMask = 2147483647;
			files = (
				3EDAD0AC206E2142007406FB /* HMD_RC_introductory_page_1@2x.png in Resources */,
				3EDAD0A7206E2142007406FB /* HMD_RC_introductory_page_4@3x.png in Resources */,
				3E03EEEE206E114D004DBB36 /* LaunchScreen.storyboard in Resources */,
				3EDAD0AA206E2142007406FB /* HMD_RC_introductory_page_3@2x.png in Resources */,
				3EDAD0A6206E2142007406FB /* HMD_RC_introductory_page_4@2x.png in Resources */,
				3E03EEEB206E114D004DBB36 /* Assets.xcassets in Resources */,
				3EDAD0AB206E2142007406FB /* HMD_RC_introductory_page_1@3x.png in Resources */,
				3E03EEE9206E114D004DBB36 /* Main.storyboard in Resources */,
				3EDAD0AD206E2142007406FB /* HMD_RC_introductory_page_3@3x.png in Resources */,
				3EDAD0A8206E2142007406FB /* HMD_RC_introductory_page_2@2x.png in Resources */,
				3EDAD0A9206E2142007406FB /* HMD_RC_introductory_page_2@3x.png in Resources */,
				3EDAD0C0206E2C75007406FB /* HMDMainViewController.xib in Resources */,
			);
			runOnlyForDeploymentPostprocessing = 0;
		};
		3E03EEF4206E114D004DBB36 /* Resources */ = {
			isa = PBXResourcesBuildPhase;
			buildActionMask = 2147483647;
			files = (
			);
			runOnlyForDeploymentPostprocessing = 0;
		};
		3E03EEFF206E114E004DBB36 /* Resources */ = {
			isa = PBXResourcesBuildPhase;
			buildActionMask = 2147483647;
			files = (
			);
			runOnlyForDeploymentPostprocessing = 0;
		};
/* End PBXResourcesBuildPhase section */

/* Begin PBXShellScriptBuildPhase section */
		17743DA0F8C8179ED5009A8B /* [CP] Embed Pods Frameworks */ = {
			isa = PBXShellScriptBuildPhase;
			buildActionMask = 2147483647;
			files = (
			);
			inputPaths = (
				"${SRCROOT}/Pods/Target Support Files/Pods-RemoteControl/Pods-RemoteControl-frameworks.sh",
				"${BUILT_PRODUCTS_DIR}/AFNetworking/AFNetworking.framework",
				"${BUILT_PRODUCTS_DIR}/Masonry/Masonry.framework",
				"${BUILT_PRODUCTS_DIR}/YYCache/YYCache.framework",
				"${BUILT_PRODUCTS_DIR}/YYModel/YYModel.framework",
				"${BUILT_PRODUCTS_DIR}/pop/pop.framework",
			);
			name = "[CP] Embed Pods Frameworks";
			outputPaths = (
				"${TARGET_BUILD_DIR}/${FRAMEWORKS_FOLDER_PATH}/AFNetworking.framework",
				"${TARGET_BUILD_DIR}/${FRAMEWORKS_FOLDER_PATH}/Masonry.framework",
				"${TARGET_BUILD_DIR}/${FRAMEWORKS_FOLDER_PATH}/YYCache.framework",
				"${TARGET_BUILD_DIR}/${FRAMEWORKS_FOLDER_PATH}/YYModel.framework",
				"${TARGET_BUILD_DIR}/${FRAMEWORKS_FOLDER_PATH}/pop.framework",
			);
			runOnlyForDeploymentPostprocessing = 0;
			shellPath = /bin/sh;
			shellScript = "\"${SRCROOT}/Pods/Target Support Files/Pods-RemoteControl/Pods-RemoteControl-frameworks.sh\"\n";
			showEnvVarsInLog = 0;
		};
		503750F38561FE55050190C9 /* [CP] Check Pods Manifest.lock */ = {
			isa = PBXShellScriptBuildPhase;
			buildActionMask = 2147483647;
			files = (
			);
			inputPaths = (
				"${PODS_PODFILE_DIR_PATH}/Podfile.lock",
				"${PODS_ROOT}/Manifest.lock",
			);
			name = "[CP] Check Pods Manifest.lock";
			outputPaths = (
				"$(DERIVED_FILE_DIR)/Pods-RemoteControl-checkManifestLockResult.txt",
			);
			runOnlyForDeploymentPostprocessing = 0;
			shellPath = /bin/sh;
			shellScript = "diff \"${PODS_PODFILE_DIR_PATH}/Podfile.lock\" \"${PODS_ROOT}/Manifest.lock\" > /dev/null\nif [ $? != 0 ] ; then\n    # print error to STDERR\n    echo \"error: The sandbox is not in sync with the Podfile.lock. Run 'pod install' or update your CocoaPods installation.\" >&2\n    exit 1\nfi\n# This output is used by Xcode 'outputs' to avoid re-running this script phase.\necho \"SUCCESS\" > \"${SCRIPT_OUTPUT_FILE_0}\"\n";
			showEnvVarsInLog = 0;
		};
		F899FBDA05341DF3D6120D0B /* [CP] Copy Pods Resources */ = {
			isa = PBXShellScriptBuildPhase;
			buildActionMask = 2147483647;
			files = (
			);
			inputPaths = (
			);
			name = "[CP] Copy Pods Resources";
			outputPaths = (
			);
			runOnlyForDeploymentPostprocessing = 0;
			shellPath = /bin/sh;
			shellScript = "\"${SRCROOT}/Pods/Target Support Files/Pods-RemoteControl/Pods-RemoteControl-resources.sh\"\n";
			showEnvVarsInLog = 0;
		};
/* End PBXShellScriptBuildPhase section */

/* Begin PBXSourcesBuildPhase section */
		3E03EEDA206E114D004DBB36 /* Sources */ = {
			isa = PBXSourcesBuildPhase;
			buildActionMask = 2147483647;
			files = (
				B2F6F92C2071DB460037E746 /* HMDScrollTitleViewController.m in Sources */,
				B2F6F945207207870037E746 /* HMDNavigationController.m in Sources */,
				B2F6F93E207202440037E746 /* HMDScrollContentViewController.m in Sources */,
				3EDAD09A206E1E5C007406FB /* main.m in Sources */,
				B2F6F9202071CBE50037E746 /* HMDBaseModel.m in Sources */,
				B2F6F946207207870037E746 /* HMDBaseViewController.m in Sources */,
				3E03EEE6206E114D004DBB36 /* ViewController.m in Sources */,
				3EDAD09B206E1E5C007406FB /* AppDelegate.m in Sources */,
				B2F6F9322071DDC60037E746 /* HMDTitleBaseLine.m in Sources */,
				3EDAD0BF206E2C75007406FB /* HMDMainViewController.m in Sources */,
				B2F6F92F2071DD6D0037E746 /* HMDBaseView.m in Sources */,
			);
			runOnlyForDeploymentPostprocessing = 0;
		};
		3E03EEF2206E114D004DBB36 /* Sources */ = {
			isa = PBXSourcesBuildPhase;
			buildActionMask = 2147483647;
			files = (
				3E03EEFB206E114D004DBB36 /* RemoteControlTests.m in Sources */,
			);
			runOnlyForDeploymentPostprocessing = 0;
		};
		3E03EEFD206E114E004DBB36 /* Sources */ = {
			isa = PBXSourcesBuildPhase;
			buildActionMask = 2147483647;
			files = (
				3E03EF06206E114E004DBB36 /* RemoteControlUITests.m in Sources */,
			);
			runOnlyForDeploymentPostprocessing = 0;
		};
/* End PBXSourcesBuildPhase section */

/* Begin PBXTargetDependency section */
		3E03EEF8206E114D004DBB36 /* PBXTargetDependency */ = {
			isa = PBXTargetDependency;
			target = 3E03EEDD206E114D004DBB36 /* RemoteControl */;
			targetProxy = 3E03EEF7206E114D004DBB36 /* PBXContainerItemProxy */;
		};
		3E03EF03206E114E004DBB36 /* PBXTargetDependency */ = {
			isa = PBXTargetDependency;
			target = 3E03EEDD206E114D004DBB36 /* RemoteControl */;
			targetProxy = 3E03EF02206E114E004DBB36 /* PBXContainerItemProxy */;
		};
/* End PBXTargetDependency section */

/* Begin PBXVariantGroup section */
		3E03EEE7206E114D004DBB36 /* Main.storyboard */ = {
			isa = PBXVariantGroup;
			children = (
				3E03EEE8206E114D004DBB36 /* Base */,
			);
			name = Main.storyboard;
			sourceTree = "<group>";
		};
		3E03EEEC206E114D004DBB36 /* LaunchScreen.storyboard */ = {
			isa = PBXVariantGroup;
			children = (
				3E03EEED206E114D004DBB36 /* Base */,
			);
			name = LaunchScreen.storyboard;
			sourceTree = "<group>";
		};
/* End PBXVariantGroup section */

/* Begin XCBuildConfiguration section */
		3E03EF08206E114E004DBB36 /* Debug */ = {
			isa = XCBuildConfiguration;
			buildSettings = {
				ALWAYS_SEARCH_USER_PATHS = NO;
				CLANG_ANALYZER_NONNULL = YES;
				CLANG_ANALYZER_NUMBER_OBJECT_CONVERSION = YES_AGGRESSIVE;
				CLANG_CXX_LANGUAGE_STANDARD = "gnu++14";
				CLANG_CXX_LIBRARY = "libc++";
				CLANG_ENABLE_MODULES = YES;
				CLANG_ENABLE_OBJC_ARC = YES;
				CLANG_WARN_BLOCK_CAPTURE_AUTORELEASING = YES;
				CLANG_WARN_BOOL_CONVERSION = YES;
				CLANG_WARN_COMMA = YES;
				CLANG_WARN_CONSTANT_CONVERSION = YES;
				CLANG_WARN_DIRECT_OBJC_ISA_USAGE = YES_ERROR;
				CLANG_WARN_DOCUMENTATION_COMMENTS = YES;
				CLANG_WARN_EMPTY_BODY = YES;
				CLANG_WARN_ENUM_CONVERSION = YES;
				CLANG_WARN_INFINITE_RECURSION = YES;
				CLANG_WARN_INT_CONVERSION = YES;
				CLANG_WARN_NON_LITERAL_NULL_CONVERSION = YES;
				CLANG_WARN_OBJC_LITERAL_CONVERSION = YES;
				CLANG_WARN_OBJC_ROOT_CLASS = YES_ERROR;
				CLANG_WARN_RANGE_LOOP_ANALYSIS = YES;
				CLANG_WARN_STRICT_PROTOTYPES = YES;
				CLANG_WARN_SUSPICIOUS_MOVE = YES;
				CLANG_WARN_UNGUARDED_AVAILABILITY = YES_AGGRESSIVE;
				CLANG_WARN_UNREACHABLE_CODE = YES;
				CLANG_WARN__DUPLICATE_METHOD_MATCH = YES;
				CODE_SIGN_IDENTITY = "iPhone Developer";
				COPY_PHASE_STRIP = NO;
				DEBUG_INFORMATION_FORMAT = dwarf;
				ENABLE_STRICT_OBJC_MSGSEND = YES;
				ENABLE_TESTABILITY = YES;
				GCC_C_LANGUAGE_STANDARD = gnu11;
				GCC_DYNAMIC_NO_PIC = NO;
				GCC_NO_COMMON_BLOCKS = YES;
				GCC_OPTIMIZATION_LEVEL = 0;
				GCC_PREPROCESSOR_DEFINITIONS = (
					"DEBUG=1",
					"$(inherited)",
				);
				GCC_WARN_64_TO_32_BIT_CONVERSION = YES;
				GCC_WARN_ABOUT_RETURN_TYPE = YES_ERROR;
				GCC_WARN_UNDECLARED_SELECTOR = YES;
				GCC_WARN_UNINITIALIZED_AUTOS = YES_AGGRESSIVE;
				GCC_WARN_UNUSED_FUNCTION = YES;
				GCC_WARN_UNUSED_VARIABLE = YES;
				IPHONEOS_DEPLOYMENT_TARGET = 11.2;
				MTL_ENABLE_DEBUG_INFO = YES;
				ONLY_ACTIVE_ARCH = YES;
				SDKROOT = iphoneos;
			};
			name = Debug;
		};
		3E03EF09206E114E004DBB36 /* Release */ = {
			isa = XCBuildConfiguration;
			buildSettings = {
				ALWAYS_SEARCH_USER_PATHS = NO;
				CLANG_ANALYZER_NONNULL = YES;
				CLANG_ANALYZER_NUMBER_OBJECT_CONVERSION = YES_AGGRESSIVE;
				CLANG_CXX_LANGUAGE_STANDARD = "gnu++14";
				CLANG_CXX_LIBRARY = "libc++";
				CLANG_ENABLE_MODULES = YES;
				CLANG_ENABLE_OBJC_ARC = YES;
				CLANG_WARN_BLOCK_CAPTURE_AUTORELEASING = YES;
				CLANG_WARN_BOOL_CONVERSION = YES;
				CLANG_WARN_COMMA = YES;
				CLANG_WARN_CONSTANT_CONVERSION = YES;
				CLANG_WARN_DIRECT_OBJC_ISA_USAGE = YES_ERROR;
				CLANG_WARN_DOCUMENTATION_COMMENTS = YES;
				CLANG_WARN_EMPTY_BODY = YES;
				CLANG_WARN_ENUM_CONVERSION = YES;
				CLANG_WARN_INFINITE_RECURSION = YES;
				CLANG_WARN_INT_CONVERSION = YES;
				CLANG_WARN_NON_LITERAL_NULL_CONVERSION = YES;
				CLANG_WARN_OBJC_LITERAL_CONVERSION = YES;
				CLANG_WARN_OBJC_ROOT_CLASS = YES_ERROR;
				CLANG_WARN_RANGE_LOOP_ANALYSIS = YES;
				CLANG_WARN_STRICT_PROTOTYPES = YES;
				CLANG_WARN_SUSPICIOUS_MOVE = YES;
				CLANG_WARN_UNGUARDED_AVAILABILITY = YES_AGGRESSIVE;
				CLANG_WARN_UNREACHABLE_CODE = YES;
				CLANG_WARN__DUPLICATE_METHOD_MATCH = YES;
				CODE_SIGN_IDENTITY = "iPhone Developer";
				COPY_PHASE_STRIP = NO;
				DEBUG_INFORMATION_FORMAT = "dwarf-with-dsym";
				ENABLE_NS_ASSERTIONS = NO;
				ENABLE_STRICT_OBJC_MSGSEND = YES;
				GCC_C_LANGUAGE_STANDARD = gnu11;
				GCC_NO_COMMON_BLOCKS = YES;
				GCC_WARN_64_TO_32_BIT_CONVERSION = YES;
				GCC_WARN_ABOUT_RETURN_TYPE = YES_ERROR;
				GCC_WARN_UNDECLARED_SELECTOR = YES;
				GCC_WARN_UNINITIALIZED_AUTOS = YES_AGGRESSIVE;
				GCC_WARN_UNUSED_FUNCTION = YES;
				GCC_WARN_UNUSED_VARIABLE = YES;
				IPHONEOS_DEPLOYMENT_TARGET = 11.2;
				MTL_ENABLE_DEBUG_INFO = NO;
				SDKROOT = iphoneos;
				VALIDATE_PRODUCT = YES;
			};
			name = Release;
		};
		3E03EF0B206E114E004DBB36 /* Debug */ = {
			isa = XCBuildConfiguration;
			baseConfigurationReference = E39280B65B3DFBF617055C3C /* Pods-RemoteControl.debug.xcconfig */;
			buildSettings = {
				ASSETCATALOG_COMPILER_APPICON_NAME = AppIcon;
				CODE_SIGN_STYLE = Automatic;
				DEVELOPMENT_TEAM = 3C88W5LYG3;
				GCC_PRECOMPILE_PREFIX_HEADER = NO;
				GCC_PREFIX_HEADER = RemoteControl/Class/Other/supportingFiles/HMDRemoteControlPrefixHeader.pch;
				INFOPLIST_FILE = RemoteControl/Info.plist;
				IPHONEOS_DEPLOYMENT_TARGET = 9.0;
				LD_RUNPATH_SEARCH_PATHS = "$(inherited) @executable_path/Frameworks";
				PRODUCT_BUNDLE_IDENTIFIER = com.himedia.www.RemoteControl;
				PRODUCT_NAME = "$(TARGET_NAME)";
				TARGETED_DEVICE_FAMILY = "1,2";
			};
			name = Debug;
		};
		3E03EF0C206E114E004DBB36 /* Release */ = {
			isa = XCBuildConfiguration;
			baseConfigurationReference = 46AE3922A8F8FE7182310D29 /* Pods-RemoteControl.release.xcconfig */;
			buildSettings = {
				ASSETCATALOG_COMPILER_APPICON_NAME = AppIcon;
				CODE_SIGN_STYLE = Automatic;
				DEVELOPMENT_TEAM = 3C88W5LYG3;
				GCC_PRECOMPILE_PREFIX_HEADER = NO;
				GCC_PREFIX_HEADER = RemoteControl/Class/Other/supportingFiles/HMDRemoteControlPrefixHeader.pch;
				INFOPLIST_FILE = RemoteControl/Info.plist;
				IPHONEOS_DEPLOYMENT_TARGET = 9.0;
				LD_RUNPATH_SEARCH_PATHS = "$(inherited) @executable_path/Frameworks";
				PRODUCT_BUNDLE_IDENTIFIER = com.himedia.www.RemoteControl;
				PRODUCT_NAME = "$(TARGET_NAME)";
				TARGETED_DEVICE_FAMILY = "1,2";
			};
			name = Release;
		};
		3E03EF0E206E114E004DBB36 /* Debug */ = {
			isa = XCBuildConfiguration;
			buildSettings = {
				BUNDLE_LOADER = "$(TEST_HOST)";
				CODE_SIGN_STYLE = Automatic;
				DEVELOPMENT_TEAM = 3C88W5LYG3;
				INFOPLIST_FILE = RemoteControlTests/Info.plist;
				LD_RUNPATH_SEARCH_PATHS = "$(inherited) @executable_path/Frameworks @loader_path/Frameworks";
				PRODUCT_BUNDLE_IDENTIFIER = com.himedia.www.RemoteControlTests;
				PRODUCT_NAME = "$(TARGET_NAME)";
				TARGETED_DEVICE_FAMILY = "1,2";
				TEST_HOST = "$(BUILT_PRODUCTS_DIR)/RemoteControl.app/RemoteControl";
			};
			name = Debug;
		};
		3E03EF0F206E114E004DBB36 /* Release */ = {
			isa = XCBuildConfiguration;
			buildSettings = {
				BUNDLE_LOADER = "$(TEST_HOST)";
				CODE_SIGN_STYLE = Automatic;
				DEVELOPMENT_TEAM = 3C88W5LYG3;
				INFOPLIST_FILE = RemoteControlTests/Info.plist;
				LD_RUNPATH_SEARCH_PATHS = "$(inherited) @executable_path/Frameworks @loader_path/Frameworks";
				PRODUCT_BUNDLE_IDENTIFIER = com.himedia.www.RemoteControlTests;
				PRODUCT_NAME = "$(TARGET_NAME)";
				TARGETED_DEVICE_FAMILY = "1,2";
				TEST_HOST = "$(BUILT_PRODUCTS_DIR)/RemoteControl.app/RemoteControl";
			};
			name = Release;
		};
		3E03EF11206E114E004DBB36 /* Debug */ = {
			isa = XCBuildConfiguration;
			buildSettings = {
				CODE_SIGN_STYLE = Automatic;
				DEVELOPMENT_TEAM = 3C88W5LYG3;
				INFOPLIST_FILE = RemoteControlUITests/Info.plist;
				LD_RUNPATH_SEARCH_PATHS = "$(inherited) @executable_path/Frameworks @loader_path/Frameworks";
				PRODUCT_BUNDLE_IDENTIFIER = com.himedia.www.RemoteControlUITests;
				PRODUCT_NAME = "$(TARGET_NAME)";
				TARGETED_DEVICE_FAMILY = "1,2";
				TEST_TARGET_NAME = RemoteControl;
			};
			name = Debug;
		};
		3E03EF12206E114E004DBB36 /* Release */ = {
			isa = XCBuildConfiguration;
			buildSettings = {
				CODE_SIGN_STYLE = Automatic;
				DEVELOPMENT_TEAM = 3C88W5LYG3;
				INFOPLIST_FILE = RemoteControlUITests/Info.plist;
				LD_RUNPATH_SEARCH_PATHS = "$(inherited) @executable_path/Frameworks @loader_path/Frameworks";
				PRODUCT_BUNDLE_IDENTIFIER = com.himedia.www.RemoteControlUITests;
				PRODUCT_NAME = "$(TARGET_NAME)";
				TARGETED_DEVICE_FAMILY = "1,2";
				TEST_TARGET_NAME = RemoteControl;
			};
			name = Release;
		};
/* End XCBuildConfiguration section */

/* Begin XCConfigurationList section */
		3E03EED9206E114D004DBB36 /* Build configuration list for PBXProject "RemoteControl" */ = {
			isa = XCConfigurationList;
			buildConfigurations = (
				3E03EF08206E114E004DBB36 /* Debug */,
				3E03EF09206E114E004DBB36 /* Release */,
			);
			defaultConfigurationIsVisible = 0;
			defaultConfigurationName = Release;
		};
		3E03EF0A206E114E004DBB36 /* Build configuration list for PBXNativeTarget "RemoteControl" */ = {
			isa = XCConfigurationList;
			buildConfigurations = (
				3E03EF0B206E114E004DBB36 /* Debug */,
				3E03EF0C206E114E004DBB36 /* Release */,
			);
			defaultConfigurationIsVisible = 0;
			defaultConfigurationName = Release;
		};
		3E03EF0D206E114E004DBB36 /* Build configuration list for PBXNativeTarget "RemoteControlTests" */ = {
			isa = XCConfigurationList;
			buildConfigurations = (
				3E03EF0E206E114E004DBB36 /* Debug */,
				3E03EF0F206E114E004DBB36 /* Release */,
			);
			defaultConfigurationIsVisible = 0;
			defaultConfigurationName = Release;
		};
		3E03EF10206E114E004DBB36 /* Build configuration list for PBXNativeTarget "RemoteControlUITests" */ = {
			isa = XCConfigurationList;
			buildConfigurations = (
				3E03EF11206E114E004DBB36 /* Debug */,
				3E03EF12206E114E004DBB36 /* Release */,
			);
			defaultConfigurationIsVisible = 0;
			defaultConfigurationName = Release;
		};
/* End XCConfigurationList section */
	};
	rootObject = 3E03EED6206E114D004DBB36 /* Project object */;
}
